
Microsoft Visual Studio Solution File, Format Version 11.00
# Visual Studio 2010
Project("{FAE04EC0-301F-11D3-BF4B-00C04F79EFBC}") = "Common", "Common\Common.csproj", "{320F2DF6-8BE6-470A-B320-CDC547F483F9}"
EndProject
Project("{FAE04EC0-301F-11D3-BF4B-00C04F79EFBC}") = "WebApp", "WebApp\WebApp.csproj", "{6207A1E5-E7A5-49D1-A396-F094C0657845}"
EndProject
Project("{2150E333-8FDC-42A3-9474-1A3956D46DE8}") = "ThirdsDll", "ThirdsDll", "{6D518820-AA98-42BD-97F8-8C1106D37C67}"
	ProjectSection(SolutionItems) = preProject
		ThirdsDll\Antlr3.Runtime.dll = ThirdsDll\Antlr3.Runtime.dll
		ThirdsDll\Common.Logging.dll = ThirdsDll\Common.Logging.dll
		ThirdsDll\Common.Logging.Log4Net.dll = ThirdsDll\Common.Logging.Log4Net.dll
		ThirdsDll\Ext.Net.dll = ThirdsDll\Ext.Net.dll
		ThirdsDll\Ext.Net.Utilities.dll = ThirdsDll\Ext.Net.Utilities.dll
		ThirdsDll\ICSharpCode.SharpZipLib.dll = ThirdsDll\ICSharpCode.SharpZipLib.dll
		ThirdsDll\Iesi.Collections.dll = ThirdsDll\Iesi.Collections.dll
		ThirdsDll\itextsharp.dll = ThirdsDll\itextsharp.dll
		ThirdsDll\log4net.dll = ThirdsDll\log4net.dll
		ThirdsDll\Newtonsoft.Json.dll = ThirdsDll\Newtonsoft.Json.dll
		ThirdsDll\NHibernate.dll = ThirdsDll\NHibernate.dll
		ThirdsDll\NVelocity.dll = ThirdsDll\NVelocity.dll
		ThirdsDll\Quartz.dll = ThirdsDll\Quartz.dll
		ThirdsDll\Spring.Aop.dll = ThirdsDll\Spring.Aop.dll
		ThirdsDll\Spring.Core.dll = ThirdsDll\Spring.Core.dll
		ThirdsDll\Spring.Data.dll = ThirdsDll\Spring.Data.dll
		ThirdsDll\Spring.Data.NHibernate21.dll = ThirdsDll\Spring.Data.NHibernate21.dll
		ThirdsDll\Spring.Scheduling.Quartz.dll = ThirdsDll\Spring.Scheduling.Quartz.dll
		ThirdsDll\Spring.Services.dll = ThirdsDll\Spring.Services.dll
		ThirdsDll\Spring.Template.Velocity.dll = ThirdsDll\Spring.Template.Velocity.dll
		ThirdsDll\Spring.Web.dll = ThirdsDll\Spring.Web.dll
		ThirdsDll\Spring.Web.Extensions.dll = ThirdsDll\Spring.Web.Extensions.dll
	EndProjectSection
EndProject
Project("{2150E333-8FDC-42A3-9474-1A3956D46DE8}") = "CodeTemplate", "CodeTemplate", "{8D3DD274-5CAD-4723-9FD2-A7C0DF9869B1}"
	ProjectSection(SolutionItems) = preProject
		CodeTemplate\ExtJs表现层模版.zeus = CodeTemplate\ExtJs表现层模版.zeus
		CodeTemplate\SN数据访问代码.zeus = CodeTemplate\SN数据访问代码.zeus
	EndProjectSection
EndProject
Project("{FAE04EC0-301F-11D3-BF4B-00C04F79EFBC}") = "DataBaseSchemaExport", "DataBaseSchemaExport\DataBaseSchemaExport.csproj", "{306AABE2-6875-4A24-B3E1-20D907C8DA0A}"
EndProject
Project("{2150E333-8FDC-42A3-9474-1A3956D46DE8}") = "SqlScript", "SqlScript", "{25AB52FB-9B90-45FA-9B9B-ED3709057DE2}"
	ProjectSection(SolutionItems) = preProject
		SqlScript\MySQL.sql = SqlScript\MySQL.sql
	EndProjectSection
EndProject
Global
	GlobalSection(SubversionScc) = preSolution
		Svn-Managed = True
		Manager = AnkhSVN - Subversion Support for Visual Studio
	EndGlobalSection
	GlobalSection(SolutionConfigurationPlatforms) = preSolution
		Debug|Any CPU = Debug|Any CPU
		Debug|Mixed Platforms = Debug|Mixed Platforms
		Debug|x86 = Debug|x86
		Release|Any CPU = Release|Any CPU
		Release|Mixed Platforms = Release|Mixed Platforms
		Release|x86 = Release|x86
		WebDebug|Any CPU = WebDebug|Any CPU
		WebDebug|Mixed Platforms = WebDebug|Mixed Platforms
		WebDebug|x86 = WebDebug|x86
	EndGlobalSection
	GlobalSection(ProjectConfigurationPlatforms) = postSolution
		{320F2DF6-8BE6-470A-B320-CDC547F483F9}.Debug|Any CPU.ActiveCfg = Debug|Any CPU
		{320F2DF6-8BE6-470A-B320-CDC547F483F9}.Debug|Any CPU.Build.0 = Debug|Any CPU
		{320F2DF6-8BE6-470A-B320-CDC547F483F9}.Debug|Mixed Platforms.ActiveCfg = Debug|Any CPU
		{320F2DF6-8BE6-470A-B320-CDC547F483F9}.Debug|Mixed Platforms.Build.0 = Debug|Any CPU
		{320F2DF6-8BE6-470A-B320-CDC547F483F9}.Debug|x86.ActiveCfg = Debug|Any CPU
		{320F2DF6-8BE6-470A-B320-CDC547F483F9}.Release|Any CPU.ActiveCfg = Release|Any CPU
		{320F2DF6-8BE6-470A-B320-CDC547F483F9}.Release|Any CPU.Build.0 = Release|Any CPU
		{320F2DF6-8BE6-470A-B320-CDC547F483F9}.Release|Mixed Platforms.ActiveCfg = Release|Any CPU
		{320F2DF6-8BE6-470A-B320-CDC547F483F9}.Release|Mixed Platforms.Build.0 = Release|Any CPU
		{320F2DF6-8BE6-470A-B320-CDC547F483F9}.Release|x86.ActiveCfg = Release|Any CPU
		{320F2DF6-8BE6-470A-B320-CDC547F483F9}.WebDebug|Any CPU.ActiveCfg = WebDebug|Any CPU
		{320F2DF6-8BE6-470A-B320-CDC547F483F9}.WebDebug|Any CPU.Build.0 = WebDebug|Any CPU
		{320F2DF6-8BE6-470A-B320-CDC547F483F9}.WebDebug|Mixed Platforms.ActiveCfg = WebDebug|Any CPU
		{320F2DF6-8BE6-470A-B320-CDC547F483F9}.WebDebug|Mixed Platforms.Build.0 = WebDebug|Any CPU
		{320F2DF6-8BE6-470A-B320-CDC547F483F9}.WebDebug|x86.ActiveCfg = WebDebug|Any CPU
		{6207A1E5-E7A5-49D1-A396-F094C0657845}.Debug|Any CPU.ActiveCfg = Debug|Any CPU
		{6207A1E5-E7A5-49D1-A396-F094C0657845}.Debug|Any CPU.Build.0 = Debug|Any CPU
		{6207A1E5-E7A5-49D1-A396-F094C0657845}.Debug|Mixed Platforms.ActiveCfg = Debug|Any CPU
		{6207A1E5-E7A5-49D1-A396-F094C0657845}.Debug|Mixed Platforms.Build.0 = Debug|Any CPU
		{6207A1E5-E7A5-49D1-A396-F094C0657845}.Debug|x86.ActiveCfg = Debug|Any CPU
		{6207A1E5-E7A5-49D1-A396-F094C0657845}.Release|Any CPU.ActiveCfg = Release|Any CPU
		{6207A1E5-E7A5-49D1-A396-F094C0657845}.Release|Any CPU.Build.0 = Release|Any CPU
		{6207A1E5-E7A5-49D1-A396-F094C0657845}.Release|Mixed Platforms.ActiveCfg = Release|Any CPU
		{6207A1E5-E7A5-49D1-A396-F094C0657845}.Release|Mixed Platforms.Build.0 = Release|Any CPU
		{6207A1E5-E7A5-49D1-A396-F094C0657845}.Release|x86.ActiveCfg = Release|Any CPU
		{6207A1E5-E7A5-49D1-A396-F094C0657845}.WebDebug|Any CPU.ActiveCfg = Debug|Any CPU
		{6207A1E5-E7A5-49D1-A396-F094C0657845}.WebDebug|Any CPU.Build.0 = Debug|Any CPU
		{6207A1E5-E7A5-49D1-A396-F094C0657845}.WebDebug|Mixed Platforms.ActiveCfg = Debug|Any CPU
		{6207A1E5-E7A5-49D1-A396-F094C0657845}.WebDebug|Mixed Platforms.Build.0 = Debug|Any CPU
		{6207A1E5-E7A5-49D1-A396-F094C0657845}.WebDebug|x86.ActiveCfg = Debug|Any CPU
		{306AABE2-6875-4A24-B3E1-20D907C8DA0A}.Debug|Any CPU.ActiveCfg = Debug|x86
		{306AABE2-6875-4A24-B3E1-20D907C8DA0A}.Debug|Mixed Platforms.ActiveCfg = Debug|x86
		{306AABE2-6875-4A24-B3E1-20D907C8DA0A}.Debug|Mixed Platforms.Build.0 = Debug|x86
		{306AABE2-6875-4A24-B3E1-20D907C8DA0A}.Debug|x86.ActiveCfg = Debug|x86
		{306AABE2-6875-4A24-B3E1-20D907C8DA0A}.Debug|x86.Build.0 = Debug|x86
		{306AABE2-6875-4A24-B3E1-20D907C8DA0A}.Release|Any CPU.ActiveCfg = Release|x86
		{306AABE2-6875-4A24-B3E1-20D907C8DA0A}.Release|Mixed Platforms.ActiveCfg = Release|x86
		{306AABE2-6875-4A24-B3E1-20D907C8DA0A}.Release|Mixed Platforms.Build.0 = Release|x86
		{306AABE2-6875-4A24-B3E1-20D907C8DA0A}.Release|x86.ActiveCfg = Release|x86
		{306AABE2-6875-4A24-B3E1-20D907C8DA0A}.Release|x86.Build.0 = Release|x86
		{306AABE2-6875-4A24-B3E1-20D907C8DA0A}.WebDebug|Any CPU.ActiveCfg = Debug|x86
		{306AABE2-6875-4A24-B3E1-20D907C8DA0A}.WebDebug|Mixed Platforms.ActiveCfg = Debug|x86
		{306AABE2-6875-4A24-B3E1-20D907C8DA0A}.WebDebug|Mixed Platforms.Build.0 = Debug|x86
		{306AABE2-6875-4A24-B3E1-20D907C8DA0A}.WebDebug|x86.ActiveCfg = Debug|x86
		{306AABE2-6875-4A24-B3E1-20D907C8DA0A}.WebDebug|x86.Build.0 = Debug|x86
	EndGlobalSection
	GlobalSection(SolutionProperties) = preSolution
		HideSolutionNode = FALSE
	EndGlobalSection
EndGlobal
