
Microsoft Visual Studio Solution File, Format Version 11.00
# Visual Studio 2010
Project("{FAE04EC0-301F-11D3-BF4B-00C04F79EFBC}") = "raphaeljs", "raphaeljs\raphaeljs.csproj", "{1FE5744D-A4E7-4A33-9B13-BD3D0DAA796A}"
EndProject
Global
	GlobalSection(SolutionConfigurationPlatforms) = preSolution
		Debug|Any CPU = Debug|Any CPU
		Release|Any CPU = Release|Any CPU
	EndGlobalSection
	GlobalSection(ProjectConfigurationPlatforms) = postSolution
		{1FE5744D-A4E7-4A33-9B13-BD3D0DAA796A}.Debug|Any CPU.ActiveCfg = Debug|Any CPU
		{1FE5744D-A4E7-4A33-9B13-BD3D0DAA796A}.Debug|Any CPU.Build.0 = Debug|Any CPU
		{1FE5744D-A4E7-4A33-9B13-BD3D0DAA796A}.Release|Any CPU.ActiveCfg = Release|Any CPU
		{1FE5744D-A4E7-4A33-9B13-BD3D0DAA796A}.Release|Any CPU.Build.0 = Release|Any CPU
	EndGlobalSection
	GlobalSection(SolutionProperties) = preSolution
		HideSolutionNode = FALSE
	EndGlobalSection
EndGlobal
