
Microsoft Visual Studio Solution File, Format Version 11.00
# Visual Studio 2010
Project("{FAE04EC0-301F-11D3-BF4B-00C04F79EFBC}") = "Common", "Common\Common.csproj", "{320F2DF6-8BE6-470A-B320-CDC547F483F9}"
EndProject
Project("{2150E333-8FDC-42A3-9474-1A3956D46DE8}") = "ThirdsDll", "ThirdsDll", "{E1A1894E-5D31-44BF-A49E-9F56F8EB082B}"
	ProjectSection(SolutionItems) = preProject
		ThirdsDll\Antlr3.Runtime.dll = ThirdsDll\Antlr3.Runtime.dll
		ThirdsDll\Common.Logging.dll = ThirdsDll\Common.Logging.dll
		ThirdsDll\Common.Logging.Log4Net.dll = ThirdsDll\Common.Logging.Log4Net.dll
		ThirdsDll\Ext.Net.dll = ThirdsDll\Ext.Net.dll
		ThirdsDll\Ext.Net.Utilities.dll = ThirdsDll\Ext.Net.Utilities.dll
		ThirdsDll\Ext.Net.UX.dll = ThirdsDll\Ext.Net.UX.dll
		ThirdsDll\ICSharpCode.SharpZipLib.dll = ThirdsDll\ICSharpCode.SharpZipLib.dll
		ThirdsDll\Iesi.Collections.dll = ThirdsDll\Iesi.Collections.dll
		ThirdsDll\Ionic.Zip.dll = ThirdsDll\Ionic.Zip.dll
		ThirdsDll\itextsharp.dll = ThirdsDll\itextsharp.dll
		ThirdsDll\log4net.dll = ThirdsDll\log4net.dll
		ThirdsDll\MySql.Data.dll = ThirdsDll\MySql.Data.dll
		ThirdsDll\Newtonsoft.Json.dll = ThirdsDll\Newtonsoft.Json.dll
		ThirdsDll\NHibernate.dll = ThirdsDll\NHibernate.dll
		ThirdsDll\NPOI.dll = ThirdsDll\NPOI.dll
		ThirdsDll\NVelocity.dll = ThirdsDll\NVelocity.dll
		ThirdsDll\Quartz.dll = ThirdsDll\Quartz.dll
		ThirdsDll\Spring.Aop.dll = ThirdsDll\Spring.Aop.dll
		ThirdsDll\Spring.Core.dll = ThirdsDll\Spring.Core.dll
		ThirdsDll\Spring.Data.dll = ThirdsDll\Spring.Data.dll
		ThirdsDll\Spring.Data.NHibernate21.dll = ThirdsDll\Spring.Data.NHibernate21.dll
		ThirdsDll\Spring.Data.NHibernate32.dll = ThirdsDll\Spring.Data.NHibernate32.dll
		ThirdsDll\Spring.Scheduling.Quartz.dll = ThirdsDll\Spring.Scheduling.Quartz.dll
		ThirdsDll\Spring.Services.dll = ThirdsDll\Spring.Services.dll
		ThirdsDll\Spring.Template.Velocity.dll = ThirdsDll\Spring.Template.Velocity.dll
		ThirdsDll\Spring.Web.dll = ThirdsDll\Spring.Web.dll
		ThirdsDll\Spring.Web.Extensions.dll = ThirdsDll\Spring.Web.Extensions.dll
		ThirdsDll\Spring.Web.Mvc.dll = ThirdsDll\Spring.Web.Mvc.dll
		ThirdsDll\SubSonic.Core.dll = ThirdsDll\SubSonic.Core.dll
		ThirdsDll\System.Data.SQLite.DLL = ThirdsDll\System.Data.SQLite.DLL
	EndProjectSection
EndProject
Project("{FAE04EC0-301F-11D3-BF4B-00C04F79EFBC}") = "WebApp", "WebApp\WebApp.csproj", "{6207A1E5-E7A5-49D1-A396-F094C0657845}"
EndProject
Project("{2150E333-8FDC-42A3-9474-1A3956D46DE8}") = "Code Templates", "Code Templates", "{6510D54F-B017-443F-A2AF-B7A9A0173BD4}"
	ProjectSection(SolutionItems) = preProject
		Code Templates\BaseTableConfig.dat = Code Templates\BaseTableConfig.dat
		Code Templates\ExtJs表现层多语言模版.zeus = Code Templates\ExtJs表现层多语言模版.zeus
		Code Templates\ExtJs表现层模版.zeus = Code Templates\ExtJs表现层模版.zeus
		Code Templates\SN数据访问代码.zeus = Code Templates\SN数据访问代码.zeus
		Code Templates\SPS.dat = Code Templates\SPS.dat
		Code Templates\基础框架字典配置生成工具.zeus = Code Templates\基础框架字典配置生成工具.zeus
	EndProjectSection
EndProject
Project("{FAE04EC0-301F-11D3-BF4B-00C04F79EFBC}") = "SPS.Entity", "SPS.Entity\SPS.Entity.csproj", "{0C8E6C53-9555-4D88-BDD4-D3521EB8A1BE}"
EndProject
Project("{FAE04EC0-301F-11D3-BF4B-00C04F79EFBC}") = "SPS.Data", "SPS.Data\SPS.Data.csproj", "{7A3FDE30-0B9E-4137-83FB-99D2EB5FA99C}"
EndProject
Project("{FAE04EC0-301F-11D3-BF4B-00C04F79EFBC}") = "SPS.Bussiness", "SPS.Bussiness\SPS.Bussiness.csproj", "{93D0D7DA-932C-47FF-BC31-BDF5C9A30C2A}"
EndProject
Project("{2150E333-8FDC-42A3-9474-1A3956D46DE8}") = "DataBaseScript", "DataBaseScript", "{3F5DCF76-D508-406F-9A54-B6FB4D030300}"
	ProjectSection(SolutionItems) = preProject
		DataBaseScript\CreateDB.sql = DataBaseScript\CreateDB.sql
		DataBaseScript\InitDb.sql = DataBaseScript\InitDb.sql
	EndProjectSection
EndProject
Project("{FAE04EC0-301F-11D3-BF4B-00C04F79EFBC}") = "SPSUtil", "SPSUtil\SPSUtil.csproj", "{A1C47555-F1A0-4893-B751-875E1EB91826}"
EndProject
Global
	GlobalSection(SubversionScc) = preSolution
		Svn-Managed = True
		Manager = AnkhSVN - Subversion Support for Visual Studio
	EndGlobalSection
	GlobalSection(SolutionConfigurationPlatforms) = preSolution
		Debug|Any CPU = Debug|Any CPU
		Debug|Mixed Platforms = Debug|Mixed Platforms
		Debug|x86 = Debug|x86
		Release|Any CPU = Release|Any CPU
		Release|Mixed Platforms = Release|Mixed Platforms
		Release|x86 = Release|x86
		WebDebug|Any CPU = WebDebug|Any CPU
		WebDebug|Mixed Platforms = WebDebug|Mixed Platforms
		WebDebug|x86 = WebDebug|x86
	EndGlobalSection
	GlobalSection(ProjectConfigurationPlatforms) = postSolution
		{320F2DF6-8BE6-470A-B320-CDC547F483F9}.Debug|Any CPU.ActiveCfg = Debug|Any CPU
		{320F2DF6-8BE6-470A-B320-CDC547F483F9}.Debug|Any CPU.Build.0 = Debug|Any CPU
		{320F2DF6-8BE6-470A-B320-CDC547F483F9}.Debug|Mixed Platforms.ActiveCfg = Debug|Any CPU
		{320F2DF6-8BE6-470A-B320-CDC547F483F9}.Debug|Mixed Platforms.Build.0 = Debug|Any CPU
		{320F2DF6-8BE6-470A-B320-CDC547F483F9}.Debug|x86.ActiveCfg = Debug|Any CPU
		{320F2DF6-8BE6-470A-B320-CDC547F483F9}.Release|Any CPU.ActiveCfg = Release|Any CPU
		{320F2DF6-8BE6-470A-B320-CDC547F483F9}.Release|Any CPU.Build.0 = Release|Any CPU
		{320F2DF6-8BE6-470A-B320-CDC547F483F9}.Release|Mixed Platforms.ActiveCfg = Release|Any CPU
		{320F2DF6-8BE6-470A-B320-CDC547F483F9}.Release|Mixed Platforms.Build.0 = Release|Any CPU
		{320F2DF6-8BE6-470A-B320-CDC547F483F9}.Release|x86.ActiveCfg = Release|Any CPU
		{320F2DF6-8BE6-470A-B320-CDC547F483F9}.WebDebug|Any CPU.ActiveCfg = WebDebug|Any CPU
		{320F2DF6-8BE6-470A-B320-CDC547F483F9}.WebDebug|Any CPU.Build.0 = WebDebug|Any CPU
		{320F2DF6-8BE6-470A-B320-CDC547F483F9}.WebDebug|Mixed Platforms.ActiveCfg = WebDebug|Any CPU
		{320F2DF6-8BE6-470A-B320-CDC547F483F9}.WebDebug|Mixed Platforms.Build.0 = WebDebug|Any CPU
		{320F2DF6-8BE6-470A-B320-CDC547F483F9}.WebDebug|x86.ActiveCfg = WebDebug|Any CPU
		{6207A1E5-E7A5-49D1-A396-F094C0657845}.Debug|Any CPU.ActiveCfg = Debug|Any CPU
		{6207A1E5-E7A5-49D1-A396-F094C0657845}.Debug|Any CPU.Build.0 = Debug|Any CPU
		{6207A1E5-E7A5-49D1-A396-F094C0657845}.Debug|Mixed Platforms.ActiveCfg = Debug|Any CPU
		{6207A1E5-E7A5-49D1-A396-F094C0657845}.Debug|Mixed Platforms.Build.0 = Debug|Any CPU
		{6207A1E5-E7A5-49D1-A396-F094C0657845}.Debug|x86.ActiveCfg = Debug|Any CPU
		{6207A1E5-E7A5-49D1-A396-F094C0657845}.Release|Any CPU.ActiveCfg = Release|Any CPU
		{6207A1E5-E7A5-49D1-A396-F094C0657845}.Release|Any CPU.Build.0 = Release|Any CPU
		{6207A1E5-E7A5-49D1-A396-F094C0657845}.Release|Mixed Platforms.ActiveCfg = Release|Any CPU
		{6207A1E5-E7A5-49D1-A396-F094C0657845}.Release|Mixed Platforms.Build.0 = Release|Any CPU
		{6207A1E5-E7A5-49D1-A396-F094C0657845}.Release|x86.ActiveCfg = Release|Any CPU
		{6207A1E5-E7A5-49D1-A396-F094C0657845}.WebDebug|Any CPU.ActiveCfg = Debug|Any CPU
		{6207A1E5-E7A5-49D1-A396-F094C0657845}.WebDebug|Any CPU.Build.0 = Debug|Any CPU
		{6207A1E5-E7A5-49D1-A396-F094C0657845}.WebDebug|Mixed Platforms.ActiveCfg = Debug|Any CPU
		{6207A1E5-E7A5-49D1-A396-F094C0657845}.WebDebug|Mixed Platforms.Build.0 = Debug|Any CPU
		{6207A1E5-E7A5-49D1-A396-F094C0657845}.WebDebug|x86.ActiveCfg = Debug|Any CPU
		{0C8E6C53-9555-4D88-BDD4-D3521EB8A1BE}.Debug|Any CPU.ActiveCfg = Debug|Any CPU
		{0C8E6C53-9555-4D88-BDD4-D3521EB8A1BE}.Debug|Any CPU.Build.0 = Debug|Any CPU
		{0C8E6C53-9555-4D88-BDD4-D3521EB8A1BE}.Debug|Mixed Platforms.ActiveCfg = Debug|Any CPU
		{0C8E6C53-9555-4D88-BDD4-D3521EB8A1BE}.Debug|Mixed Platforms.Build.0 = Debug|Any CPU
		{0C8E6C53-9555-4D88-BDD4-D3521EB8A1BE}.Debug|x86.ActiveCfg = Debug|Any CPU
		{0C8E6C53-9555-4D88-BDD4-D3521EB8A1BE}.Release|Any CPU.ActiveCfg = Release|Any CPU
		{0C8E6C53-9555-4D88-BDD4-D3521EB8A1BE}.Release|Any CPU.Build.0 = Release|Any CPU
		{0C8E6C53-9555-4D88-BDD4-D3521EB8A1BE}.Release|Mixed Platforms.ActiveCfg = Release|Any CPU
		{0C8E6C53-9555-4D88-BDD4-D3521EB8A1BE}.Release|Mixed Platforms.Build.0 = Release|Any CPU
		{0C8E6C53-9555-4D88-BDD4-D3521EB8A1BE}.Release|x86.ActiveCfg = Release|Any CPU
		{0C8E6C53-9555-4D88-BDD4-D3521EB8A1BE}.WebDebug|Any CPU.ActiveCfg = Debug|Any CPU
		{0C8E6C53-9555-4D88-BDD4-D3521EB8A1BE}.WebDebug|Any CPU.Build.0 = Debug|Any CPU
		{0C8E6C53-9555-4D88-BDD4-D3521EB8A1BE}.WebDebug|Mixed Platforms.ActiveCfg = Debug|Any CPU
		{0C8E6C53-9555-4D88-BDD4-D3521EB8A1BE}.WebDebug|Mixed Platforms.Build.0 = Debug|Any CPU
		{0C8E6C53-9555-4D88-BDD4-D3521EB8A1BE}.WebDebug|x86.ActiveCfg = Debug|Any CPU
		{7A3FDE30-0B9E-4137-83FB-99D2EB5FA99C}.Debug|Any CPU.ActiveCfg = Debug|Any CPU
		{7A3FDE30-0B9E-4137-83FB-99D2EB5FA99C}.Debug|Any CPU.Build.0 = Debug|Any CPU
		{7A3FDE30-0B9E-4137-83FB-99D2EB5FA99C}.Debug|Mixed Platforms.ActiveCfg = Debug|Any CPU
		{7A3FDE30-0B9E-4137-83FB-99D2EB5FA99C}.Debug|Mixed Platforms.Build.0 = Debug|Any CPU
		{7A3FDE30-0B9E-4137-83FB-99D2EB5FA99C}.Debug|x86.ActiveCfg = Debug|Any CPU
		{7A3FDE30-0B9E-4137-83FB-99D2EB5FA99C}.Release|Any CPU.ActiveCfg = Release|Any CPU
		{7A3FDE30-0B9E-4137-83FB-99D2EB5FA99C}.Release|Any CPU.Build.0 = Release|Any CPU
		{7A3FDE30-0B9E-4137-83FB-99D2EB5FA99C}.Release|Mixed Platforms.ActiveCfg = Release|Any CPU
		{7A3FDE30-0B9E-4137-83FB-99D2EB5FA99C}.Release|Mixed Platforms.Build.0 = Release|Any CPU
		{7A3FDE30-0B9E-4137-83FB-99D2EB5FA99C}.Release|x86.ActiveCfg = Release|Any CPU
		{7A3FDE30-0B9E-4137-83FB-99D2EB5FA99C}.WebDebug|Any CPU.ActiveCfg = Debug|Any CPU
		{7A3FDE30-0B9E-4137-83FB-99D2EB5FA99C}.WebDebug|Any CPU.Build.0 = Debug|Any CPU
		{7A3FDE30-0B9E-4137-83FB-99D2EB5FA99C}.WebDebug|Mixed Platforms.ActiveCfg = Debug|Any CPU
		{7A3FDE30-0B9E-4137-83FB-99D2EB5FA99C}.WebDebug|Mixed Platforms.Build.0 = Debug|Any CPU
		{7A3FDE30-0B9E-4137-83FB-99D2EB5FA99C}.WebDebug|x86.ActiveCfg = Debug|Any CPU
		{93D0D7DA-932C-47FF-BC31-BDF5C9A30C2A}.Debug|Any CPU.ActiveCfg = Debug|Any CPU
		{93D0D7DA-932C-47FF-BC31-BDF5C9A30C2A}.Debug|Any CPU.Build.0 = Debug|Any CPU
		{93D0D7DA-932C-47FF-BC31-BDF5C9A30C2A}.Debug|Mixed Platforms.ActiveCfg = Debug|Any CPU
		{93D0D7DA-932C-47FF-BC31-BDF5C9A30C2A}.Debug|Mixed Platforms.Build.0 = Debug|Any CPU
		{93D0D7DA-932C-47FF-BC31-BDF5C9A30C2A}.Debug|x86.ActiveCfg = Debug|Any CPU
		{93D0D7DA-932C-47FF-BC31-BDF5C9A30C2A}.Release|Any CPU.ActiveCfg = Release|Any CPU
		{93D0D7DA-932C-47FF-BC31-BDF5C9A30C2A}.Release|Any CPU.Build.0 = Release|Any CPU
		{93D0D7DA-932C-47FF-BC31-BDF5C9A30C2A}.Release|Mixed Platforms.ActiveCfg = Release|Any CPU
		{93D0D7DA-932C-47FF-BC31-BDF5C9A30C2A}.Release|Mixed Platforms.Build.0 = Release|Any CPU
		{93D0D7DA-932C-47FF-BC31-BDF5C9A30C2A}.Release|x86.ActiveCfg = Release|Any CPU
		{93D0D7DA-932C-47FF-BC31-BDF5C9A30C2A}.WebDebug|Any CPU.ActiveCfg = Debug|Any CPU
		{93D0D7DA-932C-47FF-BC31-BDF5C9A30C2A}.WebDebug|Any CPU.Build.0 = Debug|Any CPU
		{93D0D7DA-932C-47FF-BC31-BDF5C9A30C2A}.WebDebug|Mixed Platforms.ActiveCfg = Debug|Any CPU
		{93D0D7DA-932C-47FF-BC31-BDF5C9A30C2A}.WebDebug|Mixed Platforms.Build.0 = Debug|Any CPU
		{93D0D7DA-932C-47FF-BC31-BDF5C9A30C2A}.WebDebug|x86.ActiveCfg = Debug|Any CPU
		{A1C47555-F1A0-4893-B751-875E1EB91826}.Debug|Any CPU.ActiveCfg = Debug|x86
		{A1C47555-F1A0-4893-B751-875E1EB91826}.Debug|Mixed Platforms.ActiveCfg = Debug|x86
		{A1C47555-F1A0-4893-B751-875E1EB91826}.Debug|Mixed Platforms.Build.0 = Debug|x86
		{A1C47555-F1A0-4893-B751-875E1EB91826}.Debug|x86.ActiveCfg = Debug|x86
		{A1C47555-F1A0-4893-B751-875E1EB91826}.Debug|x86.Build.0 = Debug|x86
		{A1C47555-F1A0-4893-B751-875E1EB91826}.Release|Any CPU.ActiveCfg = Release|x86
		{A1C47555-F1A0-4893-B751-875E1EB91826}.Release|Mixed Platforms.ActiveCfg = Release|x86
		{A1C47555-F1A0-4893-B751-875E1EB91826}.Release|Mixed Platforms.Build.0 = Release|x86
		{A1C47555-F1A0-4893-B751-875E1EB91826}.Release|x86.ActiveCfg = Release|x86
		{A1C47555-F1A0-4893-B751-875E1EB91826}.Release|x86.Build.0 = Release|x86
		{A1C47555-F1A0-4893-B751-875E1EB91826}.WebDebug|Any CPU.ActiveCfg = Debug|x86
		{A1C47555-F1A0-4893-B751-875E1EB91826}.WebDebug|Mixed Platforms.ActiveCfg = Debug|x86
		{A1C47555-F1A0-4893-B751-875E1EB91826}.WebDebug|Mixed Platforms.Build.0 = Debug|x86
		{A1C47555-F1A0-4893-B751-875E1EB91826}.WebDebug|x86.ActiveCfg = Debug|x86
		{A1C47555-F1A0-4893-B751-875E1EB91826}.WebDebug|x86.Build.0 = Debug|x86
	EndGlobalSection
	GlobalSection(SolutionProperties) = preSolution
		HideSolutionNode = FALSE
	EndGlobalSection
EndGlobal
