
Microsoft Visual Studio Solution File, Format Version 11.00
# Visual Studio 2010
Project("{FAE04EC0-301F-11D3-BF4B-00C04F79EFBC}") = "NDataCrawler", "NDataCrawler\NDataCrawler.csproj", "{06D0184C-8CC9-4ACE-B642-2E0DE69A77A6}"
EndProject
Project("{2150E333-8FDC-42A3-9474-1A3956D46DE8}") = "Dlls", "Dlls", "{2A7F608B-BD4B-4F45-A3E7-B7B8A11FA3F3}"
	ProjectSection(SolutionItems) = preProject
		Dlls\Common.Logging.dll = Dlls\Common.Logging.dll
		Dlls\Common.Logging.Log4Net.dll = Dlls\Common.Logging.Log4Net.dll
		Dlls\FSharp.Core.dll = Dlls\FSharp.Core.dll
		Dlls\HtmlAgilityPack.dll = Dlls\HtmlAgilityPack.dll
		Dlls\ICSharpCode.SharpZipLib.dll = Dlls\ICSharpCode.SharpZipLib.dll
		Dlls\log4net.dll = Dlls\log4net.dll
		Dlls\Lucene.Net.dll = Dlls\Lucene.Net.dll
		Dlls\ScrapySharp.Core.dll = Dlls\ScrapySharp.Core.dll
		Dlls\ScrapySharp.dll = Dlls\ScrapySharp.dll
	EndProjectSection
EndProject
Global
	GlobalSection(SubversionScc) = preSolution
		Svn-Managed = True
		Manager = AnkhSVN - Subversion Support for Visual Studio
	EndGlobalSection
	GlobalSection(SolutionConfigurationPlatforms) = preSolution
		Debug|x86 = Debug|x86
		Release|x86 = Release|x86
	EndGlobalSection
	GlobalSection(ProjectConfigurationPlatforms) = postSolution
		{06D0184C-8CC9-4ACE-B642-2E0DE69A77A6}.Debug|x86.ActiveCfg = Debug|x86
		{06D0184C-8CC9-4ACE-B642-2E0DE69A77A6}.Debug|x86.Build.0 = Debug|x86
		{06D0184C-8CC9-4ACE-B642-2E0DE69A77A6}.Release|x86.ActiveCfg = Release|x86
		{06D0184C-8CC9-4ACE-B642-2E0DE69A77A6}.Release|x86.Build.0 = Release|x86
	EndGlobalSection
	GlobalSection(SolutionProperties) = preSolution
		HideSolutionNode = FALSE
	EndGlobalSection
EndGlobal
