
Microsoft Visual Studio Solution File, Format Version 10.00
# Visual Studio 2008
Project("{FAE04EC0-301F-11D3-BF4B-00C04F79EFBC}") = "ExtJSConsole", "ExtJSConsole\ExtJSConsole.csproj", "{9F0EAFA7-BE6C-4557-8122-C142BCC6B386}"
EndProject
Project("{2150E333-8FDC-42A3-9474-1A3956D46DE8}") = "ThirdsDll", "ThirdsDll", "{7F8A19FF-9E5E-4D25-9A03-DF4A1BD742D4}"
	ProjectSection(SolutionItems) = preProject
		ThirdsDll\Antlr3.Runtime.dll = ThirdsDll\Antlr3.Runtime.dll
		ThirdsDll\Common.Logging.dll = ThirdsDll\Common.Logging.dll
		ThirdsDll\Common.Logging.Log4Net.dll = ThirdsDll\Common.Logging.Log4Net.dll
		ThirdsDll\Ext.Net.dll = ThirdsDll\Ext.Net.dll
		ThirdsDll\Ext.Net.Utilities.dll = ThirdsDll\Ext.Net.Utilities.dll
		ThirdsDll\Iesi.Collections.dll = ThirdsDll\Iesi.Collections.dll
		ThirdsDll\log4net.dll = ThirdsDll\log4net.dll
		ThirdsDll\Newtonsoft.Json.dll = ThirdsDll\Newtonsoft.Json.dll
		ThirdsDll\NHibernate.dll = ThirdsDll\NHibernate.dll
		ThirdsDll\Spring.Aop.dll = ThirdsDll\Spring.Aop.dll
		ThirdsDll\Spring.Core.dll = ThirdsDll\Spring.Core.dll
		ThirdsDll\Spring.Data.dll = ThirdsDll\Spring.Data.dll
		ThirdsDll\Spring.Data.NHibernate21.dll = ThirdsDll\Spring.Data.NHibernate21.dll
		ThirdsDll\Spring.Services.dll = ThirdsDll\Spring.Services.dll
		ThirdsDll\Spring.Web.dll = ThirdsDll\Spring.Web.dll
	EndProjectSection
EndProject
Project("{2150E333-8FDC-42A3-9474-1A3956D46DE8}") = "CodeTemplate", "CodeTemplate", "{F257D46F-4ABE-4EE8-8F9C-8652CA688E20}"
	ProjectSection(SolutionItems) = preProject
		CodeTemplate\ExtJs表现层代码模版.zeus = CodeTemplate\ExtJs表现层代码模版.zeus
	EndProjectSection
EndProject
Project("{FAE04EC0-301F-11D3-BF4B-00C04F79EFBC}") = "Common", "Comon\Common.csproj", "{320F2DF6-8BE6-470A-B320-CDC547F483F9}"
EndProject
Global
	GlobalSection(SubversionScc) = preSolution
		Svn-Managed = True
		Manager = AnkhSVN - Subversion Support for Visual Studio
	EndGlobalSection
	GlobalSection(SolutionConfigurationPlatforms) = preSolution
		Debug|Any CPU = Debug|Any CPU
		Release|Any CPU = Release|Any CPU
		WebDebug|Any CPU = WebDebug|Any CPU
	EndGlobalSection
	GlobalSection(ProjectConfigurationPlatforms) = postSolution
		{9F0EAFA7-BE6C-4557-8122-C142BCC6B386}.Debug|Any CPU.ActiveCfg = Debug|Any CPU
		{9F0EAFA7-BE6C-4557-8122-C142BCC6B386}.Debug|Any CPU.Build.0 = Debug|Any CPU
		{9F0EAFA7-BE6C-4557-8122-C142BCC6B386}.Release|Any CPU.ActiveCfg = Release|Any CPU
		{9F0EAFA7-BE6C-4557-8122-C142BCC6B386}.Release|Any CPU.Build.0 = Release|Any CPU
		{9F0EAFA7-BE6C-4557-8122-C142BCC6B386}.WebDebug|Any CPU.ActiveCfg = Debug|Any CPU
		{9F0EAFA7-BE6C-4557-8122-C142BCC6B386}.WebDebug|Any CPU.Build.0 = Debug|Any CPU
		{320F2DF6-8BE6-470A-B320-CDC547F483F9}.Debug|Any CPU.ActiveCfg = Debug|Any CPU
		{320F2DF6-8BE6-470A-B320-CDC547F483F9}.Debug|Any CPU.Build.0 = Debug|Any CPU
		{320F2DF6-8BE6-470A-B320-CDC547F483F9}.Release|Any CPU.ActiveCfg = Release|Any CPU
		{320F2DF6-8BE6-470A-B320-CDC547F483F9}.Release|Any CPU.Build.0 = Release|Any CPU
		{320F2DF6-8BE6-470A-B320-CDC547F483F9}.WebDebug|Any CPU.ActiveCfg = WebDebug|Any CPU
		{320F2DF6-8BE6-470A-B320-CDC547F483F9}.WebDebug|Any CPU.Build.0 = WebDebug|Any CPU
	EndGlobalSection
	GlobalSection(SolutionProperties) = preSolution
		HideSolutionNode = FALSE
	EndGlobalSection
EndGlobal
