
Microsoft Visual Studio Solution File, Format Version 10.00
# Visual Studio 2008
Project("{FAE04EC0-301F-11D3-BF4B-00C04F79EFBC}") = "ExtJSConsole", "ExtJSConsole\ExtJSConsole.csproj", "{81ED174D-7CC5-438B-B05B-704400B87EA7}"
EndProject
Project("{2150E333-8FDC-42A3-9474-1A3956D46DE8}") = "ThirdsDll", "ThirdsDll", "{007045F4-E4C4-41D9-85F7-08D1FD465D5F}"
	ProjectSection(SolutionItems) = preProject
		ThirdsDll\antlr.runtime.dll = ThirdsDll\antlr.runtime.dll
		ThirdsDll\Castle.Core.dll = ThirdsDll\Castle.Core.dll
		ThirdsDll\Castle.DynamicProxy2.dll = ThirdsDll\Castle.DynamicProxy2.dll
		ThirdsDll\Common.Logging.dll = ThirdsDll\Common.Logging.dll
		ThirdsDll\Common.Logging.Log4Net.dll = ThirdsDll\Common.Logging.Log4Net.dll
		ThirdsDll\Coolite.Ext.Web.dll = ThirdsDll\Coolite.Ext.Web.dll
		ThirdsDll\Coolite.Utilities.dll = ThirdsDll\Coolite.Utilities.dll
		ThirdsDll\Iesi.Collections.dll = ThirdsDll\Iesi.Collections.dll
		ThirdsDll\log4net.dll = ThirdsDll\log4net.dll
		ThirdsDll\Newtonsoft.Json.dll = ThirdsDll\Newtonsoft.Json.dll
		ThirdsDll\NHibernate.dll = ThirdsDll\NHibernate.dll
		ThirdsDll\Spring.Aop.dll = ThirdsDll\Spring.Aop.dll
		ThirdsDll\Spring.Core.dll = ThirdsDll\Spring.Core.dll
		ThirdsDll\Spring.Data.dll = ThirdsDll\Spring.Data.dll
		ThirdsDll\Spring.Data.NHibernate20.dll = ThirdsDll\Spring.Data.NHibernate20.dll
		ThirdsDll\Spring.Services.dll = ThirdsDll\Spring.Services.dll
		ThirdsDll\Spring.Web.dll = ThirdsDll\Spring.Web.dll
	EndProjectSection
EndProject
Project("{FAE04EC0-301F-11D3-BF4B-00C04F79EFBC}") = "Common", "Legendigital.Framework.Common\Common.csproj", "{320F2DF6-8BE6-470A-B320-CDC547F483F9}"
EndProject
Global
	GlobalSection(SubversionScc) = preSolution
		Svn-Managed = True
		Manager = AnkhSVN - Subversion Support for Visual Studio
	EndGlobalSection
	GlobalSection(SolutionConfigurationPlatforms) = preSolution
		Debug|Any CPU = Debug|Any CPU
		Release|Any CPU = Release|Any CPU
	EndGlobalSection
	GlobalSection(ProjectConfigurationPlatforms) = postSolution
		{81ED174D-7CC5-438B-B05B-704400B87EA7}.Debug|Any CPU.ActiveCfg = Debug|Any CPU
		{81ED174D-7CC5-438B-B05B-704400B87EA7}.Debug|Any CPU.Build.0 = Debug|Any CPU
		{81ED174D-7CC5-438B-B05B-704400B87EA7}.Release|Any CPU.ActiveCfg = Release|Any CPU
		{81ED174D-7CC5-438B-B05B-704400B87EA7}.Release|Any CPU.Build.0 = Release|Any CPU
		{320F2DF6-8BE6-470A-B320-CDC547F483F9}.Debug|Any CPU.ActiveCfg = Debug|Any CPU
		{320F2DF6-8BE6-470A-B320-CDC547F483F9}.Debug|Any CPU.Build.0 = Debug|Any CPU
		{320F2DF6-8BE6-470A-B320-CDC547F483F9}.Release|Any CPU.ActiveCfg = Release|Any CPU
		{320F2DF6-8BE6-470A-B320-CDC547F483F9}.Release|Any CPU.Build.0 = Release|Any CPU
	EndGlobalSection
	GlobalSection(SolutionProperties) = preSolution
		HideSolutionNode = FALSE
	EndGlobalSection
	GlobalSection(TeamFoundationVersionControl) = preSolution
		SccNumberOfProjects = 1
		SccEnterpriseProvider = {4CA58AB2-18FA-4F8D-95D4-32DDF27D184C}
		SccTeamFoundationServer = http://tgs-tfs:8080/
		SccProjectUniqueName0 = D:\\My\u0020Project\\Legendigital.Framework.Demo\\Legendigital.Framework.Common\\Common.csproj
		SccProjectName0 = $/LDLibray/NHibernateFrameworkSample/Legendigital.Framework.Demo/Legendigital.Framework.Common
		SccAuxPath0 = http://tgs-tfs:8080
		SccLocalPath0 = D:\\My\u0020Project\\Legendigital.Framework.Demo\\Legendigital.Framework.Common
		SccProvider0 = {4CA58AB2-18FA-4F8D-95D4-32DDF27D184C}
	EndGlobalSection
EndGlobal
