
Microsoft Visual Studio Solution File, Format Version 10.00
# Visual Studio 2008
Project("{FAE04EC0-301F-11D3-BF4B-00C04F79EFBC}") = "PhotoAblum.Web", "PhotoAblum.Web\PhotoAblum.Web.csproj", "{FDDD79A6-541A-487E-A2A6-8D49700761F2}"
EndProject
Project("{2150E333-8FDC-42A3-9474-1A3956D46DE8}") = "Dlls", "Dlls", "{116D0269-E0E4-47E5-BDDB-5899348B2080}"
	ProjectSection(SolutionItems) = preProject
		Dlls\7zSharp.dll = Dlls\7zSharp.dll
		Dlls\AspNetPager.dll = Dlls\AspNetPager.dll
		Dlls\Common.Logging.dll = Dlls\Common.Logging.dll
		Dlls\Coolite.Ext.Web.dll = Dlls\Coolite.Ext.Web.dll
		Dlls\Coolite.Utilities.dll = Dlls\Coolite.Utilities.dll
		Dlls\log4net.dll = Dlls\log4net.dll
		Dlls\Newtonsoft.Json.dll = Dlls\Newtonsoft.Json.dll
		Dlls\NHibernate.dll = Dlls\NHibernate.dll
		Dlls\Spring.Aop.dll = Dlls\Spring.Aop.dll
		Dlls\Spring.Core.dll = Dlls\Spring.Core.dll
		Dlls\Spring.Data.dll = Dlls\Spring.Data.dll
		Dlls\Spring.Data.NHibernate21.dll = Dlls\Spring.Data.NHibernate21.dll
		Dlls\Spring.Services.dll = Dlls\Spring.Services.dll
		Dlls\Spring.Web.dll = Dlls\Spring.Web.dll
		Dlls\Spring.Web.Extensions.dll = Dlls\Spring.Web.Extensions.dll
	EndProjectSection
EndProject
Project("{FAE04EC0-301F-11D3-BF4B-00C04F79EFBC}") = "Common", "Legendigital.Framework.Common\Common.csproj", "{320F2DF6-8BE6-470A-B320-CDC547F483F9}"
EndProject
Project("{4F174C21-8C12-11D0-8340-0000F80270F8}") = "SqlScript", "SqlScript\SqlScript.dbp", "{179E14C2-F3BE-4201-A2DD-EB222DB580BF}"
EndProject
Global
	GlobalSection(SubversionScc) = preSolution
		Svn-Managed = True
		Manager = AnkhSVN - Subversion Support for Visual Studio
	EndGlobalSection
	GlobalSection(SolutionConfigurationPlatforms) = preSolution
		Debug|Any CPU = Debug|Any CPU
		Release|Any CPU = Release|Any CPU
	EndGlobalSection
	GlobalSection(ProjectConfigurationPlatforms) = postSolution
		{FDDD79A6-541A-487E-A2A6-8D49700761F2}.Debug|Any CPU.ActiveCfg = Debug|Any CPU
		{FDDD79A6-541A-487E-A2A6-8D49700761F2}.Debug|Any CPU.Build.0 = Debug|Any CPU
		{FDDD79A6-541A-487E-A2A6-8D49700761F2}.Release|Any CPU.ActiveCfg = Release|Any CPU
		{FDDD79A6-541A-487E-A2A6-8D49700761F2}.Release|Any CPU.Build.0 = Release|Any CPU
		{320F2DF6-8BE6-470A-B320-CDC547F483F9}.Debug|Any CPU.ActiveCfg = Debug|Any CPU
		{320F2DF6-8BE6-470A-B320-CDC547F483F9}.Debug|Any CPU.Build.0 = Debug|Any CPU
		{320F2DF6-8BE6-470A-B320-CDC547F483F9}.Release|Any CPU.ActiveCfg = Release|Any CPU
		{320F2DF6-8BE6-470A-B320-CDC547F483F9}.Release|Any CPU.Build.0 = Release|Any CPU
	EndGlobalSection
	GlobalSection(SolutionProperties) = preSolution
		HideSolutionNode = FALSE
	EndGlobalSection
EndGlobal
